
Microsoft Visual Studio Solution File, Format Version 12.00
# Visual Studio Version 16
VisualStudioVersion = 25.0.1706.9
MinimumVisualStudioVersion = 10.0.40219.1
Project("{FAE04EC0-301F-11D3-BF4B-00C04F79EFBC}") = "BattleGame", "BattleGame.csproj", "{AD1EF79C-4738-46AF-8952-6E3FA0329866}"
EndProject
Project("{FAE04EC0-301F-11D3-BF4B-00C04F79EFBC}") = "BattleGame.Test", "..\BattleGame.Test\BattleGame.Test.csproj", "{AE07249F-0F36-48D8-AB30-3E53A751BECE}"
EndProject
Project("{FAE04EC0-301F-11D3-BF4B-00C04F79EFBC}") = "BattleGame.Component.Test", "..\BattleGame.Component.Test\BattleGame.Component.Test.csproj", "{92E09424-0402-4D64-87F3-4FD2952C27BF}"
EndProject
Global
	GlobalSection(SolutionConfigurationPlatforms) = preSolution
		Debug|Any CPU = Debug|Any CPU
		Release|Any CPU = Release|Any CPU
	EndGlobalSection
	GlobalSection(ProjectConfigurationPlatforms) = postSolution
		{AD1EF79C-4738-46AF-8952-6E3FA0329866}.Debug|Any CPU.ActiveCfg = Debug|Any CPU
		{AD1EF79C-4738-46AF-8952-6E3FA0329866}.Debug|Any CPU.Build.0 = Debug|Any CPU
		{AD1EF79C-4738-46AF-8952-6E3FA0329866}.Release|Any CPU.ActiveCfg = Release|Any CPU
		{AD1EF79C-4738-46AF-8952-6E3FA0329866}.Release|Any CPU.Build.0 = Release|Any CPU
		{AE07249F-0F36-48D8-AB30-3E53A751BECE}.Debug|Any CPU.ActiveCfg = Debug|Any CPU
		{AE07249F-0F36-48D8-AB30-3E53A751BECE}.Debug|Any CPU.Build.0 = Debug|Any CPU
		{AE07249F-0F36-48D8-AB30-3E53A751BECE}.Release|Any CPU.ActiveCfg = Release|Any CPU
		{AE07249F-0F36-48D8-AB30-3E53A751BECE}.Release|Any CPU.Build.0 = Release|Any CPU
		{92E09424-0402-4D64-87F3-4FD2952C27BF}.Debug|Any CPU.ActiveCfg = Debug|Any CPU
		{92E09424-0402-4D64-87F3-4FD2952C27BF}.Debug|Any CPU.Build.0 = Debug|Any CPU
		{92E09424-0402-4D64-87F3-4FD2952C27BF}.Release|Any CPU.ActiveCfg = Release|Any CPU
		{92E09424-0402-4D64-87F3-4FD2952C27BF}.Release|Any CPU.Build.0 = Release|Any CPU
	EndGlobalSection
	GlobalSection(SolutionProperties) = preSolution
		HideSolutionNode = FALSE
	EndGlobalSection
	GlobalSection(ExtensibilityGlobals) = postSolution
		SolutionGuid = {F58E3D79-F450-46B4-B962-6BBAC406C507}
	EndGlobalSection
EndGlobal
